// !$*UTF8*$!
{
	archiveVersion = 1;
	classes = {
	};
	objectVersion = 50;
	objects = {

/* Begin PBXBuildFile section */
		0455CE28DB29D0316BA776B3 /* Pods_energyprotector.framework in Frameworks */ = {isa = PBXBuildFile; fileRef = E513D6D1F631F0718AEA9D37 /* Pods_energyprotector.framework */; };
		929FF9FB250799F50005BBA8 /* AppDelegate.swift in Sources */ = {isa = PBXBuildFile; fileRef = 929FF9FA250799F50005BBA8 /* AppDelegate.swift */; };
		929FF9FD250799F50005BBA8 /* SceneDelegate.swift in Sources */ = {isa = PBXBuildFile; fileRef = 929FF9FC250799F50005BBA8 /* SceneDelegate.swift */; };
		929FF9FF250799F50005BBA8 /* ViewController.swift in Sources */ = {isa = PBXBuildFile; fileRef = 929FF9FE250799F50005BBA8 /* ViewController.swift */; };
		929FFA02250799F50005BBA8 /* Main.storyboard in Resources */ = {isa = PBXBuildFile; fileRef = 929FFA00250799F50005BBA8 /* Main.storyboard */; };
		929FFA04250799F70005BBA8 /* Assets.xcassets in Resources */ = {isa = PBXBuildFile; fileRef = 929FFA03250799F70005BBA8 /* Assets.xcassets */; };
		929FFA07250799F70005BBA8 /* LaunchScreen.storyboard in Resources */ = {isa = PBXBuildFile; fileRef = 929FFA05250799F70005BBA8 /* LaunchScreen.storyboard */; };
		929FFA1125084BD20005BBA8 /* GoogleService-Info.plist in Resources */ = {isa = PBXBuildFile; fileRef = 929FFA1025084BD20005BBA8 /* GoogleService-Info.plist */; };
/* End PBXBuildFile section */

/* Begin PBXFileReference section */
		39A9354A9E2CEA7B62CCB617 /* Pods-energyprotector.release.xcconfig */ = {isa = PBXFileReference; includeInIndex = 1; lastKnownFileType = text.xcconfig; name = "Pods-energyprotector.release.xcconfig"; path = "Target Support Files/Pods-energyprotector/Pods-energyprotector.release.xcconfig"; sourceTree = "<group>"; };
		929FF9F7250799F50005BBA8 /* energyprotector.app */ = {isa = PBXFileReference; explicitFileType = wrapper.application; includeInIndex = 0; path = energyprotector.app; sourceTree = BUILT_PRODUCTS_DIR; };
		929FF9FA250799F50005BBA8 /* AppDelegate.swift */ = {isa = PBXFileReference; lastKnownFileType = sourcecode.swift; path = AppDelegate.swift; sourceTree = "<group>"; };
		929FF9FC250799F50005BBA8 /* SceneDelegate.swift */ = {isa = PBXFileReference; lastKnownFileType = sourcecode.swift; path = SceneDelegate.swift; sourceTree = "<group>"; };
		929FF9FE250799F50005BBA8 /* ViewController.swift */ = {isa = PBXFileReference; lastKnownFileType = sourcecode.swift; path = ViewController.swift; sourceTree = "<group>"; };
		929FFA01250799F50005BBA8 /* Base */ = {isa = PBXFileReference; lastKnownFileType = file.storyboard; name = Base; path = Base.lproj/Main.storyboard; sourceTree = "<group>"; };
		929FFA03250799F70005BBA8 /* Assets.xcassets */ = {isa = PBXFileReference; lastKnownFileType = folder.assetcatalog; path = Assets.xcassets; sourceTree = "<group>"; };
		929FFA06250799F70005BBA8 /* Base */ = {isa = PBXFileReference; lastKnownFileType = file.storyboard; name = Base; path = Base.lproj/LaunchScreen.storyboard; sourceTree = "<group>"; };
		929FFA08250799F70005BBA8 /* Info.plist */ = {isa = PBXFileReference; lastKnownFileType = text.plist.xml; path = Info.plist; sourceTree = "<group>"; };
		929FFA1025084BD20005BBA8 /* GoogleService-Info.plist */ = {isa = PBXFileReference; fileEncoding = 4; lastKnownFileType = text.plist.xml; path = "GoogleService-Info.plist"; sourceTree = "<group>"; };
		ACDA03C4FE36C78751573DDB /* Pods-energyprotector.debug.xcconfig */ = {isa = PBXFileReference; includeInIndex = 1; lastKnownFileType = text.xcconfig; name = "Pods-energyprotector.debug.xcconfig"; path = "Target Support Files/Pods-energyprotector/Pods-energyprotector.debug.xcconfig"; sourceTree = "<group>"; };
		E513D6D1F631F0718AEA9D37 /* Pods_energyprotector.framework */ = {isa = PBXFileReference; explicitFileType = wrapper.framework; includeInIndex = 0; path = Pods_energyprotector.framework; sourceTree = BUILT_PRODUCTS_DIR; };
/* End PBXFileReference section */

/* Begin PBXFrameworksBuildPhase section */
		929FF9F4250799F50005BBA8 /* Frameworks */ = {
			isa = PBXFrameworksBuildPhase;
			buildActionMask = 2147483647;
			files = (
				0455CE28DB29D0316BA776B3 /* Pods_energyprotector.framework in Frameworks */,
			);
			runOnlyForDeploymentPostprocessing = 0;
		};
/* End PBXFrameworksBuildPhase section */

/* Begin PBXGroup section */
		8DBE54B15D6742224D45A962 /* Pods */ = {
			isa = PBXGroup;
			children = (
				ACDA03C4FE36C78751573DDB /* Pods-energyprotector.debug.xcconfig */,
				39A9354A9E2CEA7B62CCB617 /* Pods-energyprotector.release.xcconfig */,
			);
			name = Pods;
			path = Pods;
			sourceTree = "<group>";
		};
		929FF9EE250799F50005BBA8 = {
			isa = PBXGroup;
			children = (
				929FF9F9250799F50005BBA8 /* energyprotector */,
				929FF9F8250799F50005BBA8 /* Products */,
				8DBE54B15D6742224D45A962 /* Pods */,
				FFF3D367FB662217A2E0BB85 /* Frameworks */,
			);
			sourceTree = "<group>";
		};
		929FF9F8250799F50005BBA8 /* Products */ = {
			isa = PBXGroup;
			children = (
				929FF9F7250799F50005BBA8 /* energyprotector.app */,
			);
			name = Products;
			sourceTree = "<group>";
		};
		929FF9F9250799F50005BBA8 /* energyprotector */ = {
			isa = PBXGroup;
			children = (
				929FF9FA250799F50005BBA8 /* AppDelegate.swift */,
				929FF9FC250799F50005BBA8 /* SceneDelegate.swift */,
				929FF9FE250799F50005BBA8 /* ViewController.swift */,
				929FFA00250799F50005BBA8 /* Main.storyboard */,
				929FFA03250799F70005BBA8 /* Assets.xcassets */,
				929FFA05250799F70005BBA8 /* LaunchScreen.storyboard */,
				929FFA08250799F70005BBA8 /* Info.plist */,
				929FFA1025084BD20005BBA8 /* GoogleService-Info.plist */,
			);
			path = energyprotector;
			sourceTree = "<group>";
		};
		FFF3D367FB662217A2E0BB85 /* Frameworks */ = {
			isa = PBXGroup;
			children = (
				E513D6D1F631F0718AEA9D37 /* Pods_energyprotector.framework */,
			);
			name = Frameworks;
			sourceTree = "<group>";
		};
/* End PBXGroup section */

/* Begin PBXNativeTarget section */
		929FF9F6250799F50005BBA8 /* energyprotector */ = {
			isa = PBXNativeTarget;
			buildConfigurationList = 929FFA0B250799F70005BBA8 /* Build configuration list for PBXNativeTarget "energyprotector" */;
			buildPhases = (
				AC21FA25CCCACA328E3EFD24 /* [CP] Check Pods Manifest.lock */,
				929FF9F3250799F50005BBA8 /* Sources */,
				929FF9F4250799F50005BBA8 /* Frameworks */,
				929FF9F5250799F50005BBA8 /* Resources */,
				14CF2A4D77E1D1273AA1173E /* [CP] Embed Pods Frameworks */,
			);
			buildRules = (
			);
			dependencies = (
			);
			name = energyprotector;
			productName = energyprotector;
			productReference = 929FF9F7250799F50005BBA8 /* energyprotector.app */;
			productType = "com.apple.product-type.application";
		};
/* End PBXNativeTarget section */

/* Begin PBXProject section */
		929FF9EF250799F50005BBA8 /* Project object */ = {
			isa = PBXProject;
			attributes = {
				LastSwiftUpdateCheck = 1170;
				LastUpgradeCheck = 1170;
				ORGANIZATIONNAME = "김수완";
				TargetAttributes = {
					929FF9F6250799F50005BBA8 = {
						CreatedOnToolsVersion = 11.7;
					};
				};
			};
			buildConfigurationList = 929FF9F2250799F50005BBA8 /* Build configuration list for PBXProject "energyprotector" */;
			compatibilityVersion = "Xcode 9.3";
			developmentRegion = en;
			hasScannedForEncodings = 0;
			knownRegions = (
				en,
				Base,
			);
			mainGroup = 929FF9EE250799F50005BBA8;
			productRefGroup = 929FF9F8250799F50005BBA8 /* Products */;
			projectDirPath = "";
			projectRoot = "";
			targets = (
				929FF9F6250799F50005BBA8 /* energyprotector */,
			);
		};
/* End PBXProject section */

/* Begin PBXResourcesBuildPhase section */
		929FF9F5250799F50005BBA8 /* Resources */ = {
			isa = PBXResourcesBuildPhase;
			buildActionMask = 2147483647;
			files = (
				929FFA07250799F70005BBA8 /* LaunchScreen.storyboard in Resources */,
				929FFA1125084BD20005BBA8 /* GoogleService-Info.plist in Resources */,
				929FFA04250799F70005BBA8 /* Assets.xcassets in Resources */,
				929FFA02250799F50005BBA8 /* Main.storyboard in Resources */,
			);
			runOnlyForDeploymentPostprocessing = 0;
		};
/* End PBXResourcesBuildPhase section */

/* Begin PBXShellScriptBuildPhase section */
		14CF2A4D77E1D1273AA1173E /* [CP] Embed Pods Frameworks */ = {
			isa = PBXShellScriptBuildPhase;
			buildActionMask = 2147483647;
			files = (
			);
			inputFileListPaths = (
				"${PODS_ROOT}/Target Support Files/Pods-energyprotector/Pods-energyprotector-frameworks-${CONFIGURATION}-input-files.xcfilelist",
			);
			name = "[CP] Embed Pods Frameworks";
			outputFileListPaths = (
				"${PODS_ROOT}/Target Support Files/Pods-energyprotector/Pods-energyprotector-frameworks-${CONFIGURATION}-output-files.xcfilelist",
			);
			runOnlyForDeploymentPostprocessing = 0;
			shellPath = /bin/sh;
			shellScript = "\"${PODS_ROOT}/Target Support Files/Pods-energyprotector/Pods-energyprotector-frameworks.sh\"\n";
			showEnvVarsInLog = 0;
		};
		AC21FA25CCCACA328E3EFD24 /* [CP] Check Pods Manifest.lock */ = {
			isa = PBXShellScriptBuildPhase;
			buildActionMask = 2147483647;
			files = (
			);
			inputFileListPaths = (
			);
			inputPaths = (
				"${PODS_PODFILE_DIR_PATH}/Podfile.lock",
				"${PODS_ROOT}/Manifest.lock",
			);
			name = "[CP] Check Pods Manifest.lock";
			outputFileListPaths = (
			);
			outputPaths = (
				"$(DERIVED_FILE_DIR)/Pods-energyprotector-checkManifestLockResult.txt",
			);
			runOnlyForDeploymentPostprocessing = 0;
			shellPath = /bin/sh;
			shellScript = "diff \"${PODS_PODFILE_DIR_PATH}/Podfile.lock\" \"${PODS_ROOT}/Manifest.lock\" > /dev/null\nif [ $? != 0 ] ; then\n    # print error to STDERR\n    echo \"error: The sandbox is not in sync with the Podfile.lock. Run 'pod install' or update your CocoaPods installation.\" >&2\n    exit 1\nfi\n# This output is used by Xcode 'outputs' to avoid re-running this script phase.\necho \"SUCCESS\" > \"${SCRIPT_OUTPUT_FILE_0}\"\n";
			showEnvVarsInLog = 0;
		};
/* End PBXShellScriptBuildPhase section */

/* Begin PBXSourcesBuildPhase section */
		929FF9F3250799F50005BBA8 /* Sources */ = {
			isa = PBXSourcesBuildPhase;
			buildActionMask = 2147483647;
			files = (
				929FF9FF250799F50005BBA8 /* ViewController.swift in Sources */,
				929FF9FB250799F50005BBA8 /* AppDelegate.swift in Sources */,
				929FF9FD250799F50005BBA8 /* SceneDelegate.swift in Sources */,
			);
			runOnlyForDeploymentPostprocessing = 0;
		};
/* End PBXSourcesBuildPhase section */

/* Begin PBXVariantGroup section */
		929FFA00250799F50005BBA8 /* Main.storyboard */ = {
			isa = PBXVariantGroup;
			children = (
				929FFA01250799F50005BBA8 /* Base */,
			);
			name = Main.storyboard;
			sourceTree = "<group>";
		};
		929FFA05250799F70005BBA8 /* LaunchScreen.storyboard */ = {
			isa = PBXVariantGroup;
			children = (
				929FFA06250799F70005BBA8 /* Base */,
			);
			name = LaunchScreen.storyboard;
			sourceTree = "<group>";
		};
/* End PBXVariantGroup section */

/* Begin XCBuildConfiguration section */
		929FFA09250799F70005BBA8 /* Debug */ = {
			isa = XCBuildConfiguration;
			buildSettings = {
				ALWAYS_SEARCH_USER_PATHS = NO;
				CLANG_ANALYZER_NONNULL = YES;
				CLANG_ANALYZER_NUMBER_OBJECT_CONVERSION = YES_AGGRESSIVE;
				CLANG_CXX_LANGUAGE_STANDARD = "gnu++14";
				CLANG_CXX_LIBRARY = "libc++";
				CLANG_ENABLE_MODULES = YES;
				CLANG_ENABLE_OBJC_ARC = YES;
				CLANG_ENABLE_OBJC_WEAK = YES;
				CLANG_WARN_BLOCK_CAPTURE_AUTORELEASING = YES;
				CLANG_WARN_BOOL_CONVERSION = YES;
				CLANG_WARN_COMMA = YES;
				CLANG_WARN_CONSTANT_CONVERSION = YES;
				CLANG_WARN_DEPRECATED_OBJC_IMPLEMENTATIONS = YES;
				CLANG_WARN_DIRECT_OBJC_ISA_USAGE = YES_ERROR;
				CLANG_WARN_DOCUMENTATION_COMMENTS = YES;
				CLANG_WARN_EMPTY_BODY = YES;
				CLANG_WARN_ENUM_CONVERSION = YES;
				CLANG_WARN_INFINITE_RECURSION = YES;
				CLANG_WARN_INT_CONVERSION = YES;
				CLANG_WARN_NON_LITERAL_NULL_CONVERSION = YES;
				CLANG_WARN_OBJC_IMPLICIT_RETAIN_SELF = YES;
				CLANG_WARN_OBJC_LITERAL_CONVERSION = YES;
				CLANG_WARN_OBJC_ROOT_CLASS = YES_ERROR;
				CLANG_WARN_RANGE_LOOP_ANALYSIS = YES;
				CLANG_WARN_STRICT_PROTOTYPES = YES;
				CLANG_WARN_SUSPICIOUS_MOVE = YES;
				CLANG_WARN_UNGUARDED_AVAILABILITY = YES_AGGRESSIVE;
				CLANG_WARN_UNREACHABLE_CODE = YES;
				CLANG_WARN__DUPLICATE_METHOD_MATCH = YES;
				COPY_PHASE_STRIP = NO;
				DEBUG_INFORMATION_FORMAT = dwarf;
				ENABLE_STRICT_OBJC_MSGSEND = YES;
				ENABLE_TESTABILITY = YES;
				GCC_C_LANGUAGE_STANDARD = gnu11;
				GCC_DYNAMIC_NO_PIC = NO;
				GCC_NO_COMMON_BLOCKS = YES;
				GCC_OPTIMIZATION_LEVEL = 0;
				GCC_PREPROCESSOR_DEFINITIONS = (
					"DEBUG=1",
					"$(inherited)",
				);
				GCC_WARN_64_TO_32_BIT_CONVERSION = YES;
				GCC_WARN_ABOUT_RETURN_TYPE = YES_ERROR;
				GCC_WARN_UNDECLARED_SELECTOR = YES;
				GCC_WARN_UNINITIALIZED_AUTOS = YES_AGGRESSIVE;
				GCC_WARN_UNUSED_FUNCTION = YES;
				GCC_WARN_UNUSED_VARIABLE = YES;
				IPHONEOS_DEPLOYMENT_TARGET = 13.7;
				MTL_ENABLE_DEBUG_INFO = INCLUDE_SOURCE;
				MTL_FAST_MATH = YES;
				ONLY_ACTIVE_ARCH = YES;
				SDKROOT = iphoneos;
				SWIFT_ACTIVE_COMPILATION_CONDITIONS = DEBUG;
				SWIFT_OPTIMIZATION_LEVEL = "-Onone";
			};
			name = Debug;
		};
		929FFA0A250799F70005BBA8 /* Release */ = {
			isa = XCBuildConfiguration;
			buildSettings = {
				ALWAYS_SEARCH_USER_PATHS = NO;
				CLANG_ANALYZER_NONNULL = YES;
				CLANG_ANALYZER_NUMBER_OBJECT_CONVERSION = YES_AGGRESSIVE;
				CLANG_CXX_LANGUAGE_STANDARD = "gnu++14";
				CLANG_CXX_LIBRARY = "libc++";
				CLANG_ENABLE_MODULES = YES;
				CLANG_ENABLE_OBJC_ARC = YES;
				CLANG_ENABLE_OBJC_WEAK = YES;
				CLANG_WARN_BLOCK_CAPTURE_AUTORELEASING = YES;
				CLANG_WARN_BOOL_CONVERSION = YES;
				CLANG_WARN_COMMA = YES;
				CLANG_WARN_CONSTANT_CONVERSION = YES;
				CLANG_WARN_DEPRECATED_OBJC_IMPLEMENTATIONS = YES;
				CLANG_WARN_DIRECT_OBJC_ISA_USAGE = YES_ERROR;
				CLANG_WARN_DOCUMENTATION_COMMENTS = YES;
				CLANG_WARN_EMPTY_BODY = YES;
				CLANG_WARN_ENUM_CONVERSION = YES;
				CLANG_WARN_INFINITE_RECURSION = YES;
				CLANG_WARN_INT_CONVERSION = YES;
				CLANG_WARN_NON_LITERAL_NULL_CONVERSION = YES;
				CLANG_WARN_OBJC_IMPLICIT_RETAIN_SELF = YES;
				CLANG_WARN_OBJC_LITERAL_CONVERSION = YES;
				CLANG_WARN_OBJC_ROOT_CLASS = YES_ERROR;
				CLANG_WARN_RANGE_LOOP_ANALYSIS = YES;
				CLANG_WARN_STRICT_PROTOTYPES = YES;
				CLANG_WARN_SUSPICIOUS_MOVE = YES;
				CLANG_WARN_UNGUARDED_AVAILABILITY = YES_AGGRESSIVE;
				CLANG_WARN_UNREACHABLE_CODE = YES;
				CLANG_WARN__DUPLICATE_METHOD_MATCH = YES;
				COPY_PHASE_STRIP = NO;
				DEBUG_INFORMATION_FORMAT = "dwarf-with-dsym";
				ENABLE_NS_ASSERTIONS = NO;
				ENABLE_STRICT_OBJC_MSGSEND = YES;
				GCC_C_LANGUAGE_STANDARD = gnu11;
				GCC_NO_COMMON_BLOCKS = YES;
				GCC_WARN_64_TO_32_BIT_CONVERSION = YES;
				GCC_WARN_ABOUT_RETURN_TYPE = YES_ERROR;
				GCC_WARN_UNDECLARED_SELECTOR = YES;
				GCC_WARN_UNINITIALIZED_AUTOS = YES_AGGRESSIVE;
				GCC_WARN_UNUSED_FUNCTION = YES;
				GCC_WARN_UNUSED_VARIABLE = YES;
				IPHONEOS_DEPLOYMENT_TARGET = 13.7;
				MTL_ENABLE_DEBUG_INFO = NO;
				MTL_FAST_MATH = YES;
				SDKROOT = iphoneos;
				SWIFT_COMPILATION_MODE = wholemodule;
				SWIFT_OPTIMIZATION_LEVEL = "-O";
				VALIDATE_PRODUCT = YES;
			};
			name = Release;
		};
		929FFA0C250799F70005BBA8 /* Debug */ = {
			isa = XCBuildConfiguration;
			baseConfigurationReference = ACDA03C4FE36C78751573DDB /* Pods-energyprotector.debug.xcconfig */;
			buildSettings = {
				ASSETCATALOG_COMPILER_APPICON_NAME = AppIcon;
				CODE_SIGN_STYLE = Automatic;
				DEVELOPMENT_TEAM = P5QSBGBP3C;
				INFOPLIST_FILE = energyprotector/Info.plist;
				LD_RUNPATH_SEARCH_PATHS = (
					"$(inherited)",
					"@executable_path/Frameworks",
				);
				PRODUCT_BUNDLE_IDENTIFIER = com.kimxwan.energyprotector;
				PRODUCT_NAME = "$(TARGET_NAME)";
				SWIFT_VERSION = 5.0;
				TARGETED_DEVICE_FAMILY = "1,2";
			};
			name = Debug;
		};
		929FFA0D250799F70005BBA8 /* Release */ = {
			isa = XCBuildConfiguration;
			baseConfigurationReference = 39A9354A9E2CEA7B62CCB617 /* Pods-energyprotector.release.xcconfig */;
			buildSettings = {
				ASSETCATALOG_COMPILER_APPICON_NAME = AppIcon;
				CODE_SIGN_STYLE = Automatic;
				DEVELOPMENT_TEAM = P5QSBGBP3C;
				INFOPLIST_FILE = energyprotector/Info.plist;
				LD_RUNPATH_SEARCH_PATHS = (
					"$(inherited)",
					"@executable_path/Frameworks",
				);
				PRODUCT_BUNDLE_IDENTIFIER = com.kimxwan.energyprotector;
				PRODUCT_NAME = "$(TARGET_NAME)";
				SWIFT_VERSION = 5.0;
				TARGETED_DEVICE_FAMILY = "1,2";
			};
			name = Release;
		};
/* End XCBuildConfiguration section */

/* Begin XCConfigurationList section */
		929FF9F2250799F50005BBA8 /* Build configuration list for PBXProject "energyprotector" */ = {
			isa = XCConfigurationList;
			buildConfigurations = (
				929FFA09250799F70005BBA8 /* Debug */,
				929FFA0A250799F70005BBA8 /* Release */,
			);
			defaultConfigurationIsVisible = 0;
			defaultConfigurationName = Release;
		};
		929FFA0B250799F70005BBA8 /* Build configuration list for PBXNativeTarget "energyprotector" */ = {
			isa = XCConfigurationList;
			buildConfigurations = (
				929FFA0C250799F70005BBA8 /* Debug */,
				929FFA0D250799F70005BBA8 /* Release */,
			);
			defaultConfigurationIsVisible = 0;
			defaultConfigurationName = Release;
		};
/* End XCConfigurationList section */
	};
	rootObject = 929FF9EF250799F50005BBA8 /* Project object */;
}
